// !$*UTF8*$!
{
	archiveVersion = 1;
	classes = {
	};
	objectVersion = 55;
	objects = {

/* Begin PBXBuildFile section */
		407FFC2F28B52907006FABE1 /* AppDelegate.swift in Sources */ = {isa = PBXBuildFile; fileRef = 407FFC2E28B52907006FABE1 /* AppDelegate.swift */; };
		407FFC3128B52907006FABE1 /* SceneDelegate.swift in Sources */ = {isa = PBXBuildFile; fileRef = 407FFC3028B52907006FABE1 /* SceneDelegate.swift */; };
		407FFC3328B52907006FABE1 /* TrackListViewController.swift in Sources */ = {isa = PBXBuildFile; fileRef = 407FFC3228B52907006FABE1 /* TrackListViewController.swift */; };
		407FFC3628B52907006FABE1 /* Main.storyboard in Resources */ = {isa = PBXBuildFile; fileRef = 407FFC3428B52907006FABE1 /* Main.storyboard */; };
		407FFC3828B5290A006FABE1 /* Assets.xcassets in Resources */ = {isa = PBXBuildFile; fileRef = 407FFC3728B5290A006FABE1 /* Assets.xcassets */; };
		407FFC3B28B5290A006FABE1 /* LaunchScreen.storyboard in Resources */ = {isa = PBXBuildFile; fileRef = 407FFC3928B5290A006FABE1 /* LaunchScreen.storyboard */; };
		407FFC4328B5323B006FABE1 /* SearchResponse.swift in Sources */ = {isa = PBXBuildFile; fileRef = 407FFC4228B5323B006FABE1 /* SearchResponse.swift */; };
		40D25FB728B8B80C00CE8D05 /* NetworkManager.swift in Sources */ = {isa = PBXBuildFile; fileRef = 40D25FB628B8B80C00CE8D05 /* NetworkManager.swift */; };
		40D25FBB28B8C16800CE8D05 /* NetworkDataFetcher.swift in Sources */ = {isa = PBXBuildFile; fileRef = 40D25FBA28B8C16800CE8D05 /* NetworkDataFetcher.swift */; };
/* End PBXBuildFile section */

/* Begin PBXFileReference section */
		407FFC2B28B52907006FABE1 /* AppleMusicAPI.app */ = {isa = PBXFileReference; explicitFileType = wrapper.application; includeInIndex = 0; path = AppleMusicAPI.app; sourceTree = BUILT_PRODUCTS_DIR; };
		407FFC2E28B52907006FABE1 /* AppDelegate.swift */ = {isa = PBXFileReference; lastKnownFileType = sourcecode.swift; path = AppDelegate.swift; sourceTree = "<group>"; };
		407FFC3028B52907006FABE1 /* SceneDelegate.swift */ = {isa = PBXFileReference; lastKnownFileType = sourcecode.swift; path = SceneDelegate.swift; sourceTree = "<group>"; };
		407FFC3228B52907006FABE1 /* TrackListViewController.swift */ = {isa = PBXFileReference; lastKnownFileType = sourcecode.swift; path = TrackListViewController.swift; sourceTree = "<group>"; };
		407FFC3528B52907006FABE1 /* Base */ = {isa = PBXFileReference; lastKnownFileType = file.storyboard; name = Base; path = Base.lproj/Main.storyboard; sourceTree = "<group>"; };
		407FFC3728B5290A006FABE1 /* Assets.xcassets */ = {isa = PBXFileReference; lastKnownFileType = folder.assetcatalog; path = Assets.xcassets; sourceTree = "<group>"; };
		407FFC3A28B5290A006FABE1 /* Base */ = {isa = PBXFileReference; lastKnownFileType = file.storyboard; name = Base; path = Base.lproj/LaunchScreen.storyboard; sourceTree = "<group>"; };
		407FFC3C28B5290A006FABE1 /* Info.plist */ = {isa = PBXFileReference; lastKnownFileType = text.plist.xml; path = Info.plist; sourceTree = "<group>"; };
		407FFC4228B5323B006FABE1 /* SearchResponse.swift */ = {isa = PBXFileReference; lastKnownFileType = sourcecode.swift; path = SearchResponse.swift; sourceTree = "<group>"; };
		40D25FB628B8B80C00CE8D05 /* NetworkManager.swift */ = {isa = PBXFileReference; lastKnownFileType = sourcecode.swift; path = NetworkManager.swift; sourceTree = "<group>"; };
		40D25FBA28B8C16800CE8D05 /* NetworkDataFetcher.swift */ = {isa = PBXFileReference; lastKnownFileType = sourcecode.swift; path = NetworkDataFetcher.swift; sourceTree = "<group>"; };
/* End PBXFileReference section */

/* Begin PBXFrameworksBuildPhase section */
		407FFC2828B52907006FABE1 /* Frameworks */ = {
			isa = PBXFrameworksBuildPhase;
			buildActionMask = 2147483647;
			files = (
			);
			runOnlyForDeploymentPostprocessing = 0;
		};
/* End PBXFrameworksBuildPhase section */

/* Begin PBXGroup section */
		407FFC2228B52907006FABE1 = {
			isa = PBXGroup;
			children = (
				407FFC2D28B52907006FABE1 /* AppleMusicAPI */,
				407FFC2C28B52907006FABE1 /* Products */,
			);
			sourceTree = "<group>";
		};
		407FFC2C28B52907006FABE1 /* Products */ = {
			isa = PBXGroup;
			children = (
				407FFC2B28B52907006FABE1 /* AppleMusicAPI.app */,
			);
			name = Products;
			sourceTree = "<group>";
		};
		407FFC2D28B52907006FABE1 /* AppleMusicAPI */ = {
			isa = PBXGroup;
			children = (
				40D25FB828B8BA5F00CE8D05 /* Models */,
				40D25FB928B8BA7800CE8D05 /* Networking */,
				407FFC3028B52907006FABE1 /* SceneDelegate.swift */,
				407FFC3228B52907006FABE1 /* TrackListViewController.swift */,
				407FFC2E28B52907006FABE1 /* AppDelegate.swift */,
				407FFC3428B52907006FABE1 /* Main.storyboard */,
				407FFC3728B5290A006FABE1 /* Assets.xcassets */,
				407FFC3928B5290A006FABE1 /* LaunchScreen.storyboard */,
				407FFC3C28B5290A006FABE1 /* Info.plist */,
			);
			path = AppleMusicAPI;
			sourceTree = "<group>";
		};
		40D25FB828B8BA5F00CE8D05 /* Models */ = {
			isa = PBXGroup;
			children = (
				407FFC4228B5323B006FABE1 /* SearchResponse.swift */,
			);
			path = Models;
			sourceTree = "<group>";
		};
		40D25FB928B8BA7800CE8D05 /* Networking */ = {
			isa = PBXGroup;
			children = (
				40D25FB628B8B80C00CE8D05 /* NetworkManager.swift */,
				40D25FBA28B8C16800CE8D05 /* NetworkDataFetcher.swift */,
			);
			path = Networking;
			sourceTree = "<group>";
		};
/* End PBXGroup section */

/* Begin PBXNativeTarget section */
		407FFC2A28B52907006FABE1 /* AppleMusicAPI */ = {
			isa = PBXNativeTarget;
			buildConfigurationList = 407FFC3F28B5290A006FABE1 /* Build configuration list for PBXNativeTarget "AppleMusicAPI" */;
			buildPhases = (
				407FFC2728B52907006FABE1 /* Sources */,
				407FFC2828B52907006FABE1 /* Frameworks */,
				407FFC2928B52907006FABE1 /* Resources */,
			);
			buildRules = (
			);
			dependencies = (
			);
			name = AppleMusicAPI;
			productName = AppleMusicAPI;
			productReference = 407FFC2B28B52907006FABE1 /* AppleMusicAPI.app */;
			productType = "com.apple.product-type.application";
		};
/* End PBXNativeTarget section */

/* Begin PBXProject section */
		407FFC2328B52907006FABE1 /* Project object */ = {
			isa = PBXProject;
			attributes = {
				BuildIndependentTargetsInParallel = 1;
				LastSwiftUpdateCheck = 1300;
				LastUpgradeCheck = 1300;
				TargetAttributes = {
					407FFC2A28B52907006FABE1 = {
						CreatedOnToolsVersion = 13.0;
					};
				};
			};
			buildConfigurationList = 407FFC2628B52907006FABE1 /* Build configuration list for PBXProject "AppleMusicAPI" */;
			compatibilityVersion = "Xcode 13.0";
			developmentRegion = en;
			hasScannedForEncodings = 0;
			knownRegions = (
				en,
				Base,
			);
			mainGroup = 407FFC2228B52907006FABE1;
			productRefGroup = 407FFC2C28B52907006FABE1 /* Products */;
			projectDirPath = "";
			projectRoot = "";
			targets = (
				407FFC2A28B52907006FABE1 /* AppleMusicAPI */,
			);
		};
/* End PBXProject section */

/* Begin PBXResourcesBuildPhase section */
		407FFC2928B52907006FABE1 /* Resources */ = {
			isa = PBXResourcesBuildPhase;
			buildActionMask = 2147483647;
			files = (
				407FFC3B28B5290A006FABE1 /* LaunchScreen.storyboard in Resources */,
				407FFC3828B5290A006FABE1 /* Assets.xcassets in Resources */,
				407FFC3628B52907006FABE1 /* Main.storyboard in Resources */,
			);
			runOnlyForDeploymentPostprocessing = 0;
		};
/* End PBXResourcesBuildPhase section */

/* Begin PBXSourcesBuildPhase section */
		407FFC2728B52907006FABE1 /* Sources */ = {
			isa = PBXSourcesBuildPhase;
			buildActionMask = 2147483647;
			files = (
				40D25FBB28B8C16800CE8D05 /* NetworkDataFetcher.swift in Sources */,
				407FFC4328B5323B006FABE1 /* SearchResponse.swift in Sources */,
				407FFC3328B52907006FABE1 /* TrackListViewController.swift in Sources */,
				40D25FB728B8B80C00CE8D05 /* NetworkManager.swift in Sources */,
				407FFC2F28B52907006FABE1 /* AppDelegate.swift in Sources */,
				407FFC3128B52907006FABE1 /* SceneDelegate.swift in Sources */,
			);
			runOnlyForDeploymentPostprocessing = 0;
		};
/* End PBXSourcesBuildPhase section */

/* Begin PBXVariantGroup section */
		407FFC3428B52907006FABE1 /* Main.storyboard */ = {
			isa = PBXVariantGroup;
			children = (
				407FFC3528B52907006FABE1 /* Base */,
			);
			name = Main.storyboard;
			sourceTree = "<group>";
		};
		407FFC3928B5290A006FABE1 /* LaunchScreen.storyboard */ = {
			isa = PBXVariantGroup;
			children = (
				407FFC3A28B5290A006FABE1 /* Base */,
			);
			name = LaunchScreen.storyboard;
			sourceTree = "<group>";
		};
/* End PBXVariantGroup section */

/* Begin XCBuildConfiguration section */
		407FFC3D28B5290A006FABE1 /* Debug */ = {
			isa = XCBuildConfiguration;
			buildSettings = {
				ALWAYS_SEARCH_USER_PATHS = NO;
				CLANG_ANALYZER_NONNULL = YES;
				CLANG_ANALYZER_NUMBER_OBJECT_CONVERSION = YES_AGGRESSIVE;
				CLANG_CXX_LANGUAGE_STANDARD = "gnu++17";
				CLANG_CXX_LIBRARY = "libc++";
				CLANG_ENABLE_MODULES = YES;
				CLANG_ENABLE_OBJC_ARC = YES;
				CLANG_ENABLE_OBJC_WEAK = YES;
				CLANG_WARN_BLOCK_CAPTURE_AUTORELEASING = YES;
				CLANG_WARN_BOOL_CONVERSION = YES;
				CLANG_WARN_COMMA = YES;
				CLANG_WARN_CONSTANT_CONVERSION = YES;
				CLANG_WARN_DEPRECATED_OBJC_IMPLEMENTATIONS = YES;
				CLANG_WARN_DIRECT_OBJC_ISA_USAGE = YES_ERROR;
				CLANG_WARN_DOCUMENTATION_COMMENTS = YES;
				CLANG_WARN_EMPTY_BODY = YES;
				CLANG_WARN_ENUM_CONVERSION = YES;
				CLANG_WARN_INFINITE_RECURSION = YES;
				CLANG_WARN_INT_CONVERSION = YES;
				CLANG_WARN_NON_LITERAL_NULL_CONVERSION = YES;
				CLANG_WARN_OBJC_IMPLICIT_RETAIN_SELF = YES;
				CLANG_WARN_OBJC_LITERAL_CONVERSION = YES;
				CLANG_WARN_OBJC_ROOT_CLASS = YES_ERROR;
				CLANG_WARN_QUOTED_INCLUDE_IN_FRAMEWORK_HEADER = YES;
				CLANG_WARN_RANGE_LOOP_ANALYSIS = YES;
				CLANG_WARN_STRICT_PROTOTYPES = YES;
				CLANG_WARN_SUSPICIOUS_MOVE = YES;
				CLANG_WARN_UNGUARDED_AVAILABILITY = YES_AGGRESSIVE;
				CLANG_WARN_UNREACHABLE_CODE = YES;
				CLANG_WARN__DUPLICATE_METHOD_MATCH = YES;
				COPY_PHASE_STRIP = NO;
				DEBUG_INFORMATION_FORMAT = dwarf;
				ENABLE_STRICT_OBJC_MSGSEND = YES;
				ENABLE_TESTABILITY = YES;
				GCC_C_LANGUAGE_STANDARD = gnu11;
				GCC_DYNAMIC_NO_PIC = NO;
				GCC_NO_COMMON_BLOCKS = YES;
				GCC_OPTIMIZATION_LEVEL = 0;
				GCC_PREPROCESSOR_DEFINITIONS = (
					"DEBUG=1",
					"$(inherited)",
				);
				GCC_WARN_64_TO_32_BIT_CONVERSION = YES;
				GCC_WARN_ABOUT_RETURN_TYPE = YES_ERROR;
				GCC_WARN_UNDECLARED_SELECTOR = YES;
				GCC_WARN_UNINITIALIZED_AUTOS = YES_AGGRESSIVE;
				GCC_WARN_UNUSED_FUNCTION = YES;
				GCC_WARN_UNUSED_VARIABLE = YES;
				IPHONEOS_DEPLOYMENT_TARGET = 15.0;
				MTL_ENABLE_DEBUG_INFO = INCLUDE_SOURCE;
				MTL_FAST_MATH = YES;
				ONLY_ACTIVE_ARCH = YES;
				SDKROOT = iphoneos;
				SWIFT_ACTIVE_COMPILATION_CONDITIONS = DEBUG;
				SWIFT_OPTIMIZATION_LEVEL = "-Onone";
			};
			name = Debug;
		};
		407FFC3E28B5290A006FABE1 /* Release */ = {
			isa = XCBuildConfiguration;
			buildSettings = {
				ALWAYS_SEARCH_USER_PATHS = NO;
				CLANG_ANALYZER_NONNULL = YES;
				CLANG_ANALYZER_NUMBER_OBJECT_CONVERSION = YES_AGGRESSIVE;
				CLANG_CXX_LANGUAGE_STANDARD = "gnu++17";
				CLANG_CXX_LIBRARY = "libc++";
				CLANG_ENABLE_MODULES = YES;
				CLANG_ENABLE_OBJC_ARC = YES;
				CLANG_ENABLE_OBJC_WEAK = YES;
				CLANG_WARN_BLOCK_CAPTURE_AUTORELEASING = YES;
				CLANG_WARN_BOOL_CONVERSION = YES;
				CLANG_WARN_COMMA = YES;
				CLANG_WARN_CONSTANT_CONVERSION = YES;
				CLANG_WARN_DEPRECATED_OBJC_IMPLEMENTATIONS = YES;
				CLANG_WARN_DIRECT_OBJC_ISA_USAGE = YES_ERROR;
				CLANG_WARN_DOCUMENTATION_COMMENTS = YES;
				CLANG_WARN_EMPTY_BODY = YES;
				CLANG_WARN_ENUM_CONVERSION = YES;
				CLANG_WARN_INFINITE_RECURSION = YES;
				CLANG_WARN_INT_CONVERSION = YES;
				CLANG_WARN_NON_LITERAL_NULL_CONVERSION = YES;
				CLANG_WARN_OBJC_IMPLICIT_RETAIN_SELF = YES;
				CLANG_WARN_OBJC_LITERAL_CONVERSION = YES;
				CLANG_WARN_OBJC_ROOT_CLASS = YES_ERROR;
				CLANG_WARN_QUOTED_INCLUDE_IN_FRAMEWORK_HEADER = YES;
				CLANG_WARN_RANGE_LOOP_ANALYSIS = YES;
				CLANG_WARN_STRICT_PROTOTYPES = YES;
				CLANG_WARN_SUSPICIOUS_MOVE = YES;
				CLANG_WARN_UNGUARDED_AVAILABILITY = YES_AGGRESSIVE;
				CLANG_WARN_UNREACHABLE_CODE = YES;
				CLANG_WARN__DUPLICATE_METHOD_MATCH = YES;
				COPY_PHASE_STRIP = NO;
				DEBUG_INFORMATION_FORMAT = "dwarf-with-dsym";
				ENABLE_NS_ASSERTIONS = NO;
				ENABLE_STRICT_OBJC_MSGSEND = YES;
				GCC_C_LANGUAGE_STANDARD = gnu11;
				GCC_NO_COMMON_BLOCKS = YES;
				GCC_WARN_64_TO_32_BIT_CONVERSION = YES;
				GCC_WARN_ABOUT_RETURN_TYPE = YES_ERROR;
				GCC_WARN_UNDECLARED_SELECTOR = YES;
				GCC_WARN_UNINITIALIZED_AUTOS = YES_AGGRESSIVE;
				GCC_WARN_UNUSED_FUNCTION = YES;
				GCC_WARN_UNUSED_VARIABLE = YES;
				IPHONEOS_DEPLOYMENT_TARGET = 15.0;
				MTL_ENABLE_DEBUG_INFO = NO;
				MTL_FAST_MATH = YES;
				SDKROOT = iphoneos;
				SWIFT_COMPILATION_MODE = wholemodule;
				SWIFT_OPTIMIZATION_LEVEL = "-O";
				VALIDATE_PRODUCT = YES;
			};
			name = Release;
		};
		407FFC4028B5290A006FABE1 /* Debug */ = {
			isa = XCBuildConfiguration;
			buildSettings = {
				ASSETCATALOG_COMPILER_APPICON_NAME = AppIcon;
				ASSETCATALOG_COMPILER_GLOBAL_ACCENT_COLOR_NAME = AccentColor;
				CODE_SIGN_STYLE = Automatic;
				CURRENT_PROJECT_VERSION = 1;
				DEVELOPMENT_TEAM = 4R74NDZ36U;
				GENERATE_INFOPLIST_FILE = YES;
				INFOPLIST_FILE = AppleMusicAPI/Info.plist;
				INFOPLIST_KEY_UIApplicationSupportsIndirectInputEvents = YES;
				INFOPLIST_KEY_UILaunchStoryboardName = LaunchScreen;
				INFOPLIST_KEY_UIMainStoryboardFile = Main;
				INFOPLIST_KEY_UISupportedInterfaceOrientations = UIInterfaceOrientationPortrait;
				INFOPLIST_KEY_UISupportedInterfaceOrientations_iPad = "UIInterfaceOrientationPortrait UIInterfaceOrientationPortraitUpsideDown UIInterfaceOrientationLandscapeLeft UIInterfaceOrientationLandscapeRight";
				INFOPLIST_KEY_UISupportedInterfaceOrientations_iPhone = "UIInterfaceOrientationPortrait UIInterfaceOrientationLandscapeLeft UIInterfaceOrientationLandscapeRight";
				LD_RUNPATH_SEARCH_PATHS = (
					"$(inherited)",
					"@executable_path/Frameworks",
				);
				MARKETING_VERSION = 1.0;
				PRODUCT_BUNDLE_IDENTIFIER = com.ggg.gggfsdfsdf.AppleMusicAPI;
				PRODUCT_NAME = "$(TARGET_NAME)";
				SWIFT_EMIT_LOC_STRINGS = YES;
				SWIFT_VERSION = 5.0;
				TARGETED_DEVICE_FAMILY = 1;
			};
			name = Debug;
		};
		407FFC4128B5290A006FABE1 /* Release */ = {
			isa = XCBuildConfiguration;
			buildSettings = {
				ASSETCATALOG_COMPILER_APPICON_NAME = AppIcon;
				ASSETCATALOG_COMPILER_GLOBAL_ACCENT_COLOR_NAME = AccentColor;
				CODE_SIGN_STYLE = Automatic;
				CURRENT_PROJECT_VERSION = 1;
				DEVELOPMENT_TEAM = 4R74NDZ36U;
				GENERATE_INFOPLIST_FILE = YES;
				INFOPLIST_FILE = AppleMusicAPI/Info.plist;
				INFOPLIST_KEY_UIApplicationSupportsIndirectInputEvents = YES;
				INFOPLIST_KEY_UILaunchStoryboardName = LaunchScreen;
				INFOPLIST_KEY_UIMainStoryboardFile = Main;
				INFOPLIST_KEY_UISupportedInterfaceOrientations = UIInterfaceOrientationPortrait;
				INFOPLIST_KEY_UISupportedInterfaceOrientations_iPad = "UIInterfaceOrientationPortrait UIInterfaceOrientationPortraitUpsideDown UIInterfaceOrientationLandscapeLeft UIInterfaceOrientationLandscapeRight";
				INFOPLIST_KEY_UISupportedInterfaceOrientations_iPhone = "UIInterfaceOrientationPortrait UIInterfaceOrientationLandscapeLeft UIInterfaceOrientationLandscapeRight";
				LD_RUNPATH_SEARCH_PATHS = (
					"$(inherited)",
					"@executable_path/Frameworks",
				);
				MARKETING_VERSION = 1.0;
				PRODUCT_BUNDLE_IDENTIFIER = com.ggg.gggfsdfsdf.AppleMusicAPI;
				PRODUCT_NAME = "$(TARGET_NAME)";
				SWIFT_EMIT_LOC_STRINGS = YES;
				SWIFT_VERSION = 5.0;
				TARGETED_DEVICE_FAMILY = 1;
			};
			name = Release;
		};
/* End XCBuildConfiguration section */

/* Begin XCConfigurationList section */
		407FFC2628B52907006FABE1 /* Build configuration list for PBXProject "AppleMusicAPI" */ = {
			isa = XCConfigurationList;
			buildConfigurations = (
				407FFC3D28B5290A006FABE1 /* Debug */,
				407FFC3E28B5290A006FABE1 /* Release */,
			);
			defaultConfigurationIsVisible = 0;
			defaultConfigurationName = Release;
		};
		407FFC3F28B5290A006FABE1 /* Build configuration list for PBXNativeTarget "AppleMusicAPI" */ = {
			isa = XCConfigurationList;
			buildConfigurations = (
				407FFC4028B5290A006FABE1 /* Debug */,
				407FFC4128B5290A006FABE1 /* Release */,
			);
			defaultConfigurationIsVisible = 0;
			defaultConfigurationName = Release;
		};
/* End XCConfigurationList section */
	};
	rootObject = 407FFC2328B52907006FABE1 /* Project object */;
}
